
Microsoft Visual Studio Solution File, Format Version 12.00
# Visual Studio Version 16
VisualStudioVersion = 16.0.30320.27
MinimumVisualStudioVersion = 10.0.40219.1
Project("{FAE04EC0-301F-11D3-BF4B-00C04F79EFBC}") = "glory.BookStore", "glory.BookStore\glory.BookStore.csproj", "{0CE427A4-69ED-4101-BD1D-1F3CF2FA6A87}"
EndProject
Global
	GlobalSection(SolutionConfigurationPlatforms) = preSolution
		Debug|Any CPU = Debug|Any CPU
		Release|Any CPU = Release|Any CPU
	EndGlobalSection
	GlobalSection(ProjectConfigurationPlatforms) = postSolution
		{0CE427A4-69ED-4101-BD1D-1F3CF2FA6A87}.Debug|Any CPU.ActiveCfg = Debug|Any CPU
		{0CE427A4-69ED-4101-BD1D-1F3CF2FA6A87}.Debug|Any CPU.Build.0 = Debug|Any CPU
		{0CE427A4-69ED-4101-BD1D-1F3CF2FA6A87}.Release|Any CPU.ActiveCfg = Release|Any CPU
		{0CE427A4-69ED-4101-BD1D-1F3CF2FA6A87}.Release|Any CPU.Build.0 = Release|Any CPU
	EndGlobalSection
	GlobalSection(SolutionProperties) = preSolution
		HideSolutionNode = FALSE
	EndGlobalSection
	GlobalSection(ExtensibilityGlobals) = postSolution
		SolutionGuid = {752F01B4-D6A8-4585-B1E7-4E730569473C}
	EndGlobalSection
EndGlobal
